// !$*UTF8*$!
{
	archiveVersion = 1;
	classes = {
	};
	objectVersion = 50;
	objects = {

/* Begin PBXBuildFile section */
		46D9320722D4F0CF00B717BF /* AppDelegate.swift in Sources */ = {isa = PBXBuildFile; fileRef = 46D9320622D4F0CF00B717BF /* AppDelegate.swift */; };
		46D9320922D4F0CF00B717BF /* ViewController.swift in Sources */ = {isa = PBXBuildFile; fileRef = 46D9320822D4F0CF00B717BF /* ViewController.swift */; };
		46D9320B22D4F0D000B717BF /* Assets.xcassets in Resources */ = {isa = PBXBuildFile; fileRef = 46D9320A22D4F0D000B717BF /* Assets.xcassets */; };
		46D9320E22D4F0D000B717BF /* Main.storyboard in Resources */ = {isa = PBXBuildFile; fileRef = 46D9320C22D4F0D000B717BF /* Main.storyboard */; };
		46D9321A22D4F0D000B717BF /* AppIconProTests.swift in Sources */ = {isa = PBXBuildFile; fileRef = 46D9321922D4F0D000B717BF /* AppIconProTests.swift */; };
		46D9322522D4F0D000B717BF /* AppIconProUITests.swift in Sources */ = {isa = PBXBuildFile; fileRef = 46D9322422D4F0D000B717BF /* AppIconProUITests.swift */; };
/* End PBXBuildFile section */

/* Begin PBXContainerItemProxy section */
		46D9321622D4F0D000B717BF /* PBXContainerItemProxy */ = {
			isa = PBXContainerItemProxy;
			containerPortal = 46D931FB22D4F0CF00B717BF /* Project object */;
			proxyType = 1;
			remoteGlobalIDString = 46D9320222D4F0CF00B717BF;
			remoteInfo = AppIconPro;
		};
		46D9322122D4F0D000B717BF /* PBXContainerItemProxy */ = {
			isa = PBXContainerItemProxy;
			containerPortal = 46D931FB22D4F0CF00B717BF /* Project object */;
			proxyType = 1;
			remoteGlobalIDString = 46D9320222D4F0CF00B717BF;
			remoteInfo = AppIconPro;
		};
/* End PBXContainerItemProxy section */

/* Begin PBXFileReference section */
		46D9320322D4F0CF00B717BF /* AppIconPro.app */ = {isa = PBXFileReference; explicitFileType = wrapper.application; includeInIndex = 0; path = AppIconPro.app; sourceTree = BUILT_PRODUCTS_DIR; };
		46D9320622D4F0CF00B717BF /* AppDelegate.swift */ = {isa = PBXFileReference; lastKnownFileType = sourcecode.swift; path = AppDelegate.swift; sourceTree = "<group>"; };
		46D9320822D4F0CF00B717BF /* ViewController.swift */ = {isa = PBXFileReference; lastKnownFileType = sourcecode.swift; path = ViewController.swift; sourceTree = "<group>"; };
		46D9320A22D4F0D000B717BF /* Assets.xcassets */ = {isa = PBXFileReference; lastKnownFileType = folder.assetcatalog; path = Assets.xcassets; sourceTree = "<group>"; };
		46D9320D22D4F0D000B717BF /* Base */ = {isa = PBXFileReference; lastKnownFileType = file.storyboard; name = Base; path = Base.lproj/Main.storyboard; sourceTree = "<group>"; };
		46D9320F22D4F0D000B717BF /* Info.plist */ = {isa = PBXFileReference; lastKnownFileType = text.plist.xml; path = Info.plist; sourceTree = "<group>"; };
		46D9321022D4F0D000B717BF /* AppIconPro.entitlements */ = {isa = PBXFileReference; lastKnownFileType = text.plist.entitlements; path = AppIconPro.entitlements; sourceTree = "<group>"; };
		46D9321522D4F0D000B717BF /* AppIconProTests.xctest */ = {isa = PBXFileReference; explicitFileType = wrapper.cfbundle; includeInIndex = 0; path = AppIconProTests.xctest; sourceTree = BUILT_PRODUCTS_DIR; };
		46D9321922D4F0D000B717BF /* AppIconProTests.swift */ = {isa = PBXFileReference; lastKnownFileType = sourcecode.swift; path = AppIconProTests.swift; sourceTree = "<group>"; };
		46D9321B22D4F0D000B717BF /* Info.plist */ = {isa = PBXFileReference; lastKnownFileType = text.plist.xml; path = Info.plist; sourceTree = "<group>"; };
		46D9322022D4F0D000B717BF /* AppIconProUITests.xctest */ = {isa = PBXFileReference; explicitFileType = wrapper.cfbundle; includeInIndex = 0; path = AppIconProUITests.xctest; sourceTree = BUILT_PRODUCTS_DIR; };
		46D9322422D4F0D000B717BF /* AppIconProUITests.swift */ = {isa = PBXFileReference; lastKnownFileType = sourcecode.swift; path = AppIconProUITests.swift; sourceTree = "<group>"; };
		46D9322622D4F0D000B717BF /* Info.plist */ = {isa = PBXFileReference; lastKnownFileType = text.plist.xml; path = Info.plist; sourceTree = "<group>"; };
/* End PBXFileReference section */

/* Begin PBXFrameworksBuildPhase section */
		46D9320022D4F0CF00B717BF /* Frameworks */ = {
			isa = PBXFrameworksBuildPhase;
			buildActionMask = 2147483647;
			files = (
			);
			runOnlyForDeploymentPostprocessing = 0;
		};
		46D9321222D4F0D000B717BF /* Frameworks */ = {
			isa = PBXFrameworksBuildPhase;
			buildActionMask = 2147483647;
			files = (
			);
			runOnlyForDeploymentPostprocessing = 0;
		};
		46D9321D22D4F0D000B717BF /* Frameworks */ = {
			isa = PBXFrameworksBuildPhase;
			buildActionMask = 2147483647;
			files = (
			);
			runOnlyForDeploymentPostprocessing = 0;
		};
/* End PBXFrameworksBuildPhase section */

/* Begin PBXGroup section */
		46D931FA22D4F0CF00B717BF = {
			isa = PBXGroup;
			children = (
				46D9320522D4F0CF00B717BF /* AppIconPro */,
				46D9321822D4F0D000B717BF /* AppIconProTests */,
				46D9322322D4F0D000B717BF /* AppIconProUITests */,
				46D9320422D4F0CF00B717BF /* Products */,
			);
			sourceTree = "<group>";
		};
		46D9320422D4F0CF00B717BF /* Products */ = {
			isa = PBXGroup;
			children = (
				46D9320322D4F0CF00B717BF /* AppIconPro.app */,
				46D9321522D4F0D000B717BF /* AppIconProTests.xctest */,
				46D9322022D4F0D000B717BF /* AppIconProUITests.xctest */,
			);
			name = Products;
			sourceTree = "<group>";
		};
		46D9320522D4F0CF00B717BF /* AppIconPro */ = {
			isa = PBXGroup;
			children = (
				46D9320622D4F0CF00B717BF /* AppDelegate.swift */,
				46D9320822D4F0CF00B717BF /* ViewController.swift */,
				46D9320A22D4F0D000B717BF /* Assets.xcassets */,
				46D9320C22D4F0D000B717BF /* Main.storyboard */,
				46D9320F22D4F0D000B717BF /* Info.plist */,
				46D9321022D4F0D000B717BF /* AppIconPro.entitlements */,
			);
			path = AppIconPro;
			sourceTree = "<group>";
		};
		46D9321822D4F0D000B717BF /* AppIconProTests */ = {
			isa = PBXGroup;
			children = (
				46D9321922D4F0D000B717BF /* AppIconProTests.swift */,
				46D9321B22D4F0D000B717BF /* Info.plist */,
			);
			path = AppIconProTests;
			sourceTree = "<group>";
		};
		46D9322322D4F0D000B717BF /* AppIconProUITests */ = {
			isa = PBXGroup;
			children = (
				46D9322422D4F0D000B717BF /* AppIconProUITests.swift */,
				46D9322622D4F0D000B717BF /* Info.plist */,
			);
			path = AppIconProUITests;
			sourceTree = "<group>";
		};
/* End PBXGroup section */

/* Begin PBXNativeTarget section */
		46D9320222D4F0CF00B717BF /* AppIconPro */ = {
			isa = PBXNativeTarget;
			buildConfigurationList = 46D9322922D4F0D000B717BF /* Build configuration list for PBXNativeTarget "AppIconPro" */;
			buildPhases = (
				46D931FF22D4F0CF00B717BF /* Sources */,
				46D9320022D4F0CF00B717BF /* Frameworks */,
				46D9320122D4F0CF00B717BF /* Resources */,
			);
			buildRules = (
			);
			dependencies = (
			);
			name = AppIconPro;
			productName = AppIconPro;
			productReference = 46D9320322D4F0CF00B717BF /* AppIconPro.app */;
			productType = "com.apple.product-type.application";
		};
		46D9321422D4F0D000B717BF /* AppIconProTests */ = {
			isa = PBXNativeTarget;
			buildConfigurationList = 46D9322C22D4F0D000B717BF /* Build configuration list for PBXNativeTarget "AppIconProTests" */;
			buildPhases = (
				46D9321122D4F0D000B717BF /* Sources */,
				46D9321222D4F0D000B717BF /* Frameworks */,
				46D9321322D4F0D000B717BF /* Resources */,
			);
			buildRules = (
			);
			dependencies = (
				46D9321722D4F0D000B717BF /* PBXTargetDependency */,
			);
			name = AppIconProTests;
			productName = AppIconProTests;
			productReference = 46D9321522D4F0D000B717BF /* AppIconProTests.xctest */;
			productType = "com.apple.product-type.bundle.unit-test";
		};
		46D9321F22D4F0D000B717BF /* AppIconProUITests */ = {
			isa = PBXNativeTarget;
			buildConfigurationList = 46D9322F22D4F0D000B717BF /* Build configuration list for PBXNativeTarget "AppIconProUITests" */;
			buildPhases = (
				46D9321C22D4F0D000B717BF /* Sources */,
				46D9321D22D4F0D000B717BF /* Frameworks */,
				46D9321E22D4F0D000B717BF /* Resources */,
			);
			buildRules = (
			);
			dependencies = (
				46D9322222D4F0D000B717BF /* PBXTargetDependency */,
			);
			name = AppIconProUITests;
			productName = AppIconProUITests;
			productReference = 46D9322022D4F0D000B717BF /* AppIconProUITests.xctest */;
			productType = "com.apple.product-type.bundle.ui-testing";
		};
/* End PBXNativeTarget section */

/* Begin PBXProject section */
		46D931FB22D4F0CF00B717BF /* Project object */ = {
			isa = PBXProject;
			attributes = {
				LastSwiftUpdateCheck = 1020;
				LastUpgradeCheck = 1020;
				ORGANIZATIONNAME = "孙翔宇";
				TargetAttributes = {
					46D9320222D4F0CF00B717BF = {
						CreatedOnToolsVersion = 10.2.1;
					};
					46D9321422D4F0D000B717BF = {
						CreatedOnToolsVersion = 10.2.1;
						TestTargetID = 46D9320222D4F0CF00B717BF;
					};
					46D9321F22D4F0D000B717BF = {
						CreatedOnToolsVersion = 10.2.1;
						TestTargetID = 46D9320222D4F0CF00B717BF;
					};
				};
			};
			buildConfigurationList = 46D931FE22D4F0CF00B717BF /* Build configuration list for PBXProject "AppIconPro" */;
			compatibilityVersion = "Xcode 9.3";
			developmentRegion = en;
			hasScannedForEncodings = 0;
			knownRegions = (
				en,
				Base,
			);
			mainGroup = 46D931FA22D4F0CF00B717BF;
			productRefGroup = 46D9320422D4F0CF00B717BF /* Products */;
			projectDirPath = "";
			projectRoot = "";
			targets = (
				46D9320222D4F0CF00B717BF /* AppIconPro */,
				46D9321422D4F0D000B717BF /* AppIconProTests */,
				46D9321F22D4F0D000B717BF /* AppIconProUITests */,
			);
		};
/* End PBXProject section */

/* Begin PBXResourcesBuildPhase section */
		46D9320122D4F0CF00B717BF /* Resources */ = {
			isa = PBXResourcesBuildPhase;
			buildActionMask = 2147483647;
			files = (
				46D9320B22D4F0D000B717BF /* Assets.xcassets in Resources */,
				46D9320E22D4F0D000B717BF /* Main.storyboard in Resources */,
			);
			runOnlyForDeploymentPostprocessing = 0;
		};
		46D9321322D4F0D000B717BF /* Resources */ = {
			isa = PBXResourcesBuildPhase;
			buildActionMask = 2147483647;
			files = (
			);
			runOnlyForDeploymentPostprocessing = 0;
		};
		46D9321E22D4F0D000B717BF /* Resources */ = {
			isa = PBXResourcesBuildPhase;
			buildActionMask = 2147483647;
			files = (
			);
			runOnlyForDeploymentPostprocessing = 0;
		};
/* End PBXResourcesBuildPhase section */

/* Begin PBXSourcesBuildPhase section */
		46D931FF22D4F0CF00B717BF /* Sources */ = {
			isa = PBXSourcesBuildPhase;
			buildActionMask = 2147483647;
			files = (
				46D9320922D4F0CF00B717BF /* ViewController.swift in Sources */,
				46D9320722D4F0CF00B717BF /* AppDelegate.swift in Sources */,
			);
			runOnlyForDeploymentPostprocessing = 0;
		};
		46D9321122D4F0D000B717BF /* Sources */ = {
			isa = PBXSourcesBuildPhase;
			buildActionMask = 2147483647;
			files = (
				46D9321A22D4F0D000B717BF /* AppIconProTests.swift in Sources */,
			);
			runOnlyForDeploymentPostprocessing = 0;
		};
		46D9321C22D4F0D000B717BF /* Sources */ = {
			isa = PBXSourcesBuildPhase;
			buildActionMask = 2147483647;
			files = (
				46D9322522D4F0D000B717BF /* AppIconProUITests.swift in Sources */,
			);
			runOnlyForDeploymentPostprocessing = 0;
		};
/* End PBXSourcesBuildPhase section */

/* Begin PBXTargetDependency section */
		46D9321722D4F0D000B717BF /* PBXTargetDependency */ = {
			isa = PBXTargetDependency;
			target = 46D9320222D4F0CF00B717BF /* AppIconPro */;
			targetProxy = 46D9321622D4F0D000B717BF /* PBXContainerItemProxy */;
		};
		46D9322222D4F0D000B717BF /* PBXTargetDependency */ = {
			isa = PBXTargetDependency;
			target = 46D9320222D4F0CF00B717BF /* AppIconPro */;
			targetProxy = 46D9322122D4F0D000B717BF /* PBXContainerItemProxy */;
		};
/* End PBXTargetDependency section */

/* Begin PBXVariantGroup section */
		46D9320C22D4F0D000B717BF /* Main.storyboard */ = {
			isa = PBXVariantGroup;
			children = (
				46D9320D22D4F0D000B717BF /* Base */,
			);
			name = Main.storyboard;
			sourceTree = "<group>";
		};
/* End PBXVariantGroup section */

/* Begin XCBuildConfiguration section */
		46D9322722D4F0D000B717BF /* Debug */ = {
			isa = XCBuildConfiguration;
			buildSettings = {
				ALWAYS_SEARCH_USER_PATHS = NO;
				CLANG_ANALYZER_NONNULL = YES;
				CLANG_ANALYZER_NUMBER_OBJECT_CONVERSION = YES_AGGRESSIVE;
				CLANG_CXX_LANGUAGE_STANDARD = "gnu++14";
				CLANG_CXX_LIBRARY = "libc++";
				CLANG_ENABLE_MODULES = YES;
				CLANG_ENABLE_OBJC_ARC = YES;
				CLANG_ENABLE_OBJC_WEAK = YES;
				CLANG_WARN_BLOCK_CAPTURE_AUTORELEASING = YES;
				CLANG_WARN_BOOL_CONVERSION = YES;
				CLANG_WARN_COMMA = YES;
				CLANG_WARN_CONSTANT_CONVERSION = YES;
				CLANG_WARN_DEPRECATED_OBJC_IMPLEMENTATIONS = YES;
				CLANG_WARN_DIRECT_OBJC_ISA_USAGE = YES_ERROR;
				CLANG_WARN_DOCUMENTATION_COMMENTS = YES;
				CLANG_WARN_EMPTY_BODY = YES;
				CLANG_WARN_ENUM_CONVERSION = YES;
				CLANG_WARN_INFINITE_RECURSION = YES;
				CLANG_WARN_INT_CONVERSION = YES;
				CLANG_WARN_NON_LITERAL_NULL_CONVERSION = YES;
				CLANG_WARN_OBJC_IMPLICIT_RETAIN_SELF = YES;
				CLANG_WARN_OBJC_LITERAL_CONVERSION = YES;
				CLANG_WARN_OBJC_ROOT_CLASS = YES_ERROR;
				CLANG_WARN_RANGE_LOOP_ANALYSIS = YES;
				CLANG_WARN_STRICT_PROTOTYPES = YES;
				CLANG_WARN_SUSPICIOUS_MOVE = YES;
				CLANG_WARN_UNGUARDED_AVAILABILITY = YES_AGGRESSIVE;
				CLANG_WARN_UNREACHABLE_CODE = YES;
				CLANG_WARN__DUPLICATE_METHOD_MATCH = YES;
				CODE_SIGN_IDENTITY = "Mac Developer";
				COPY_PHASE_STRIP = NO;
				DEBUG_INFORMATION_FORMAT = dwarf;
				ENABLE_STRICT_OBJC_MSGSEND = YES;
				ENABLE_TESTABILITY = YES;
				GCC_C_LANGUAGE_STANDARD = gnu11;
				GCC_DYNAMIC_NO_PIC = NO;
				GCC_NO_COMMON_BLOCKS = YES;
				GCC_OPTIMIZATION_LEVEL = 0;
				GCC_PREPROCESSOR_DEFINITIONS = (
					"DEBUG=1",
					"$(inherited)",
				);
				GCC_WARN_64_TO_32_BIT_CONVERSION = YES;
				GCC_WARN_ABOUT_RETURN_TYPE = YES_ERROR;
				GCC_WARN_UNDECLARED_SELECTOR = YES;
				GCC_WARN_UNINITIALIZED_AUTOS = YES_AGGRESSIVE;
				GCC_WARN_UNUSED_FUNCTION = YES;
				GCC_WARN_UNUSED_VARIABLE = YES;
				MACOSX_DEPLOYMENT_TARGET = 10.15;
				MTL_ENABLE_DEBUG_INFO = INCLUDE_SOURCE;
				MTL_FAST_MATH = YES;
				ONLY_ACTIVE_ARCH = YES;
				SDKROOT = macosx;
				SWIFT_ACTIVE_COMPILATION_CONDITIONS = DEBUG;
				SWIFT_OPTIMIZATION_LEVEL = "-Onone";
			};
			name = Debug;
		};
		46D9322822D4F0D000B717BF /* Release */ = {
			isa = XCBuildConfiguration;
			buildSettings = {
				ALWAYS_SEARCH_USER_PATHS = NO;
				CLANG_ANALYZER_NONNULL = YES;
				CLANG_ANALYZER_NUMBER_OBJECT_CONVERSION = YES_AGGRESSIVE;
				CLANG_CXX_LANGUAGE_STANDARD = "gnu++14";
				CLANG_CXX_LIBRARY = "libc++";
				CLANG_ENABLE_MODULES = YES;
				CLANG_ENABLE_OBJC_ARC = YES;
				CLANG_ENABLE_OBJC_WEAK = YES;
				CLANG_WARN_BLOCK_CAPTURE_AUTORELEASING = YES;
				CLANG_WARN_BOOL_CONVERSION = YES;
				CLANG_WARN_COMMA = YES;
				CLANG_WARN_CONSTANT_CONVERSION = YES;
				CLANG_WARN_DEPRECATED_OBJC_IMPLEMENTATIONS = YES;
				CLANG_WARN_DIRECT_OBJC_ISA_USAGE = YES_ERROR;
				CLANG_WARN_DOCUMENTATION_COMMENTS = YES;
				CLANG_WARN_EMPTY_BODY = YES;
				CLANG_WARN_ENUM_CONVERSION = YES;
				CLANG_WARN_INFINITE_RECURSION = YES;
				CLANG_WARN_INT_CONVERSION = YES;
				CLANG_WARN_NON_LITERAL_NULL_CONVERSION = YES;
				CLANG_WARN_OBJC_IMPLICIT_RETAIN_SELF = YES;
				CLANG_WARN_OBJC_LITERAL_CONVERSION = YES;
				CLANG_WARN_OBJC_ROOT_CLASS = YES_ERROR;
				CLANG_WARN_RANGE_LOOP_ANALYSIS = YES;
				CLANG_WARN_STRICT_PROTOTYPES = YES;
				CLANG_WARN_SUSPICIOUS_MOVE = YES;
				CLANG_WARN_UNGUARDED_AVAILABILITY = YES_AGGRESSIVE;
				CLANG_WARN_UNREACHABLE_CODE = YES;
				CLANG_WARN__DUPLICATE_METHOD_MATCH = YES;
				CODE_SIGN_IDENTITY = "Mac Developer";
				COPY_PHASE_STRIP = NO;
				DEBUG_INFORMATION_FORMAT = "dwarf-with-dsym";
				ENABLE_NS_ASSERTIONS = NO;
				ENABLE_STRICT_OBJC_MSGSEND = YES;
				GCC_C_LANGUAGE_STANDARD = gnu11;
				GCC_NO_COMMON_BLOCKS = YES;
				GCC_WARN_64_TO_32_BIT_CONVERSION = YES;
				GCC_WARN_ABOUT_RETURN_TYPE = YES_ERROR;
				GCC_WARN_UNDECLARED_SELECTOR = YES;
				GCC_WARN_UNINITIALIZED_AUTOS = YES_AGGRESSIVE;
				GCC_WARN_UNUSED_FUNCTION = YES;
				GCC_WARN_UNUSED_VARIABLE = YES;
				MACOSX_DEPLOYMENT_TARGET = 10.15;
				MTL_ENABLE_DEBUG_INFO = NO;
				MTL_FAST_MATH = YES;
				SDKROOT = macosx;
				SWIFT_COMPILATION_MODE = wholemodule;
				SWIFT_OPTIMIZATION_LEVEL = "-O";
			};
			name = Release;
		};
		46D9322A22D4F0D000B717BF /* Debug */ = {
			isa = XCBuildConfiguration;
			buildSettings = {
				ASSETCATALOG_COMPILER_APPICON_NAME = AppIcon;
				CODE_SIGN_ENTITLEMENTS = AppIconPro/AppIconPro.entitlements;
				CODE_SIGN_STYLE = Automatic;
				COMBINE_HIDPI_IMAGES = YES;
				DEVELOPMENT_TEAM = 46S3S784AR;
				INFOPLIST_FILE = AppIconPro/Info.plist;
				LD_RUNPATH_SEARCH_PATHS = (
					"$(inherited)",
					"@executable_path/../Frameworks",
				);
				PRODUCT_BUNDLE_IDENTIFIER = com.uriphium.AppIconPro;
				PRODUCT_NAME = "$(TARGET_NAME)";
				SWIFT_VERSION = 5.0;
			};
			name = Debug;
		};
		46D9322B22D4F0D000B717BF /* Release */ = {
			isa = XCBuildConfiguration;
			buildSettings = {
				ASSETCATALOG_COMPILER_APPICON_NAME = AppIcon;
				CODE_SIGN_ENTITLEMENTS = AppIconPro/AppIconPro.entitlements;
				CODE_SIGN_STYLE = Automatic;
				COMBINE_HIDPI_IMAGES = YES;
				DEVELOPMENT_TEAM = 46S3S784AR;
				INFOPLIST_FILE = AppIconPro/Info.plist;
				LD_RUNPATH_SEARCH_PATHS = (
					"$(inherited)",
					"@executable_path/../Frameworks",
				);
				PRODUCT_BUNDLE_IDENTIFIER = com.uriphium.AppIconPro;
				PRODUCT_NAME = "$(TARGET_NAME)";
				SWIFT_VERSION = 5.0;
			};
			name = Release;
		};
		46D9322D22D4F0D000B717BF /* Debug */ = {
			isa = XCBuildConfiguration;
			buildSettings = {
				ALWAYS_EMBED_SWIFT_STANDARD_LIBRARIES = YES;
				BUNDLE_LOADER = "$(TEST_HOST)";
				CODE_SIGN_STYLE = Automatic;
				COMBINE_HIDPI_IMAGES = YES;
				DEVELOPMENT_TEAM = 46S3S784AR;
				INFOPLIST_FILE = AppIconProTests/Info.plist;
				LD_RUNPATH_SEARCH_PATHS = (
					"$(inherited)",
					"@executable_path/../Frameworks",
					"@loader_path/../Frameworks",
				);
				PRODUCT_BUNDLE_IDENTIFIER = com.uriphium.AppIconProTests;
				PRODUCT_NAME = "$(TARGET_NAME)";
				SWIFT_VERSION = 5.0;
				TEST_HOST = "$(BUILT_PRODUCTS_DIR)/AppIconPro.app/Contents/MacOS/AppIconPro";
			};
			name = Debug;
		};
		46D9322E22D4F0D000B717BF /* Release */ = {
			isa = XCBuildConfiguration;
			buildSettings = {
				ALWAYS_EMBED_SWIFT_STANDARD_LIBRARIES = YES;
				BUNDLE_LOADER = "$(TEST_HOST)";
				CODE_SIGN_STYLE = Automatic;
				COMBINE_HIDPI_IMAGES = YES;
				DEVELOPMENT_TEAM = 46S3S784AR;
				INFOPLIST_FILE = AppIconProTests/Info.plist;
				LD_RUNPATH_SEARCH_PATHS = (
					"$(inherited)",
					"@executable_path/../Frameworks",
					"@loader_path/../Frameworks",
				);
				PRODUCT_BUNDLE_IDENTIFIER = com.uriphium.AppIconProTests;
				PRODUCT_NAME = "$(TARGET_NAME)";
				SWIFT_VERSION = 5.0;
				TEST_HOST = "$(BUILT_PRODUCTS_DIR)/AppIconPro.app/Contents/MacOS/AppIconPro";
			};
			name = Release;
		};
		46D9323022D4F0D000B717BF /* Debug */ = {
			isa = XCBuildConfiguration;
			buildSettings = {
				ALWAYS_EMBED_SWIFT_STANDARD_LIBRARIES = YES;
				CODE_SIGN_STYLE = Automatic;
				COMBINE_HIDPI_IMAGES = YES;
				DEVELOPMENT_TEAM = 46S3S784AR;
				INFOPLIST_FILE = AppIconProUITests/Info.plist;
				LD_RUNPATH_SEARCH_PATHS = (
					"$(inherited)",
					"@executable_path/../Frameworks",
					"@loader_path/../Frameworks",
				);
				PRODUCT_BUNDLE_IDENTIFIER = com.uriphium.AppIconProUITests;
				PRODUCT_NAME = "$(TARGET_NAME)";
				SWIFT_VERSION = 5.0;
				TEST_TARGET_NAME = AppIconPro;
			};
			name = Debug;
		};
		46D9323122D4F0D000B717BF /* Release */ = {
			isa = XCBuildConfiguration;
			buildSettings = {
				ALWAYS_EMBED_SWIFT_STANDARD_LIBRARIES = YES;
				CODE_SIGN_STYLE = Automatic;
				COMBINE_HIDPI_IMAGES = YES;
				DEVELOPMENT_TEAM = 46S3S784AR;
				INFOPLIST_FILE = AppIconProUITests/Info.plist;
				LD_RUNPATH_SEARCH_PATHS = (
					"$(inherited)",
					"@executable_path/../Frameworks",
					"@loader_path/../Frameworks",
				);
				PRODUCT_BUNDLE_IDENTIFIER = com.uriphium.AppIconProUITests;
				PRODUCT_NAME = "$(TARGET_NAME)";
				SWIFT_VERSION = 5.0;
				TEST_TARGET_NAME = AppIconPro;
			};
			name = Release;
		};
/* End XCBuildConfiguration section */

/* Begin XCConfigurationList section */
		46D931FE22D4F0CF00B717BF /* Build configuration list for PBXProject "AppIconPro" */ = {
			isa = XCConfigurationList;
			buildConfigurations = (
				46D9322722D4F0D000B717BF /* Debug */,
				46D9322822D4F0D000B717BF /* Release */,
			);
			defaultConfigurationIsVisible = 0;
			defaultConfigurationName = Release;
		};
		46D9322922D4F0D000B717BF /* Build configuration list for PBXNativeTarget "AppIconPro" */ = {
			isa = XCConfigurationList;
			buildConfigurations = (
				46D9322A22D4F0D000B717BF /* Debug */,
				46D9322B22D4F0D000B717BF /* Release */,
			);
			defaultConfigurationIsVisible = 0;
			defaultConfigurationName = Release;
		};
		46D9322C22D4F0D000B717BF /* Build configuration list for PBXNativeTarget "AppIconProTests" */ = {
			isa = XCConfigurationList;
			buildConfigurations = (
				46D9322D22D4F0D000B717BF /* Debug */,
				46D9322E22D4F0D000B717BF /* Release */,
			);
			defaultConfigurationIsVisible = 0;
			defaultConfigurationName = Release;
		};
		46D9322F22D4F0D000B717BF /* Build configuration list for PBXNativeTarget "AppIconProUITests" */ = {
			isa = XCConfigurationList;
			buildConfigurations = (
				46D9323022D4F0D000B717BF /* Debug */,
				46D9323122D4F0D000B717BF /* Release */,
			);
			defaultConfigurationIsVisible = 0;
			defaultConfigurationName = Release;
		};
/* End XCConfigurationList section */
	};
	rootObject = 46D931FB22D4F0CF00B717BF /* Project object */;
}
